{
    "version": 3,
    "terraform_version": "0.11.7",
    "serial": 11,
    "lineage": "870d6b10-3e56-648b-321a-f8a65e4acb5d",
    "modules": [
        {
            "path": [
                "root"
            ],
            "outputs": {
                "aws_elb_public_dns": {
                    "sensitive": false,
                    "type": "string",
                    "value": "nginx-elb-806951902.eu-west-2.elb.amazonaws.com"
                }
            },
            "resources": {
                "aws_elb.web": {
                    "type": "aws_elb",
                    "depends_on": [
                        "aws_instance.nginx1",
                        "aws_instance.nginx2",
                        "aws_security_group.elb-sg",
                        "aws_subnet.subnet1",
                        "aws_subnet.subnet2"
                    ],
                    "primary": {
                        "id": "nginx-elb",
                        "attributes": {
                            "access_logs.#": "0",
                            "arn": "arn:aws:elasticloadbalancing:eu-west-2:903807105141:loadbalancer/nginx-elb",
                            "availability_zones.#": "2",
                            "availability_zones.1501760113": "eu-west-2b",
                            "availability_zones.3230292939": "eu-west-2a",
                            "connection_draining": "false",
                            "connection_draining_timeout": "300",
                            "cross_zone_load_balancing": "true",
                            "dns_name": "nginx-elb-806951902.eu-west-2.elb.amazonaws.com",
                            "health_check.#": "1",
                            "health_check.0.healthy_threshold": "10",
                            "health_check.0.interval": "30",
                            "health_check.0.target": "TCP:80",
                            "health_check.0.timeout": "5",
                            "health_check.0.unhealthy_threshold": "2",
                            "id": "nginx-elb",
                            "idle_timeout": "60",
                            "instances.#": "2",
                            "instances.218422187": "i-06c632036b48db64b",
                            "instances.2890511703": "i-04ead5a4d08f03e4c",
                            "internal": "false",
                            "listener.#": "1",
                            "listener.3057123346.instance_port": "80",
                            "listener.3057123346.instance_protocol": "http",
                            "listener.3057123346.lb_port": "80",
                            "listener.3057123346.lb_protocol": "http",
                            "listener.3057123346.ssl_certificate_id": "",
                            "name": "nginx-elb",
                            "security_groups.#": "1",
                            "security_groups.2639063880": "sg-0698f1247c5b3cc7d",
                            "source_security_group": "903807105141/nginx_elb_sg",
                            "source_security_group_id": "sg-0698f1247c5b3cc7d",
                            "subnets.#": "2",
                            "subnets.4209210642": "subnet-0ad113cc2d0de2509",
                            "subnets.622637180": "subnet-0cf4fb6bbbe1ddefc",
                            "tags.%": "0",
                            "zone_id": "ZHURV8PSTC4K8"
                        },
                        "meta": {},
                        "tainted": false
                    },
                    "deposed": [],
                    "provider": "provider.aws"
                },
                "aws_instance.nginx1": {
                    "type": "aws_instance",
                    "depends_on": [
                        "aws_security_group.nginx-sg",
                        "aws_subnet.subnet1"
                    ],
                    "primary": {
                        "id": "i-04ead5a4d08f03e4c",
                        "attributes": {
                            "ami": "ami-b2b55cd5",
                            "associate_public_ip_address": "true",
                            "availability_zone": "eu-west-2a",
                            "cpu_core_count": "1",
                            "cpu_threads_per_core": "1",
                            "credit_specification.#": "1",
                            "credit_specification.0.cpu_credits": "standard",
                            "disable_api_termination": "false",
                            "ebs_block_device.#": "0",
                            "ebs_optimized": "false",
                            "ephemeral_block_device.#": "0",
                            "get_password_data": "false",
                            "iam_instance_profile": "",
                            "id": "i-04ead5a4d08f03e4c",
                            "instance_state": "running",
                            "instance_type": "t2.micro",
                            "ipv6_addresses.#": "0",
                            "key_name": "QEC2DPC",
                            "monitoring": "false",
                            "network_interface.#": "0",
                            "network_interface_id": "eni-0dd8fff019efaa0b8",
                            "password_data": "",
                            "placement_group": "",
                            "primary_network_interface_id": "eni-0dd8fff019efaa0b8",
                            "private_dns": "ip-10-1-0-228.eu-west-2.compute.internal",
                            "private_ip": "10.1.0.228",
                            "public_dns": "ec2-35-178-179-10.eu-west-2.compute.amazonaws.com",
                            "public_ip": "35.178.179.10",
                            "root_block_device.#": "1",
                            "root_block_device.0.delete_on_termination": "true",
                            "root_block_device.0.iops": "100",
                            "root_block_device.0.volume_id": "vol-0064b201d5de7c01f",
                            "root_block_device.0.volume_size": "8",
                            "root_block_device.0.volume_type": "gp2",
                            "security_groups.#": "0",
                            "source_dest_check": "true",
                            "subnet_id": "subnet-0ad113cc2d0de2509",
                            "tags.%": "0",
                            "tenancy": "default",
                            "volume_tags.%": "0",
                            "vpc_security_group_ids.#": "1",
                            "vpc_security_group_ids.342541680": "sg-0620c54b555c806e5"
                        },
                        "meta": {
                            "e2bfb730-ecaa-11e6-8f88-34363bc7c4c0": {
                                "create": 600000000000,
                                "delete": 1200000000000,
                                "update": 600000000000
                            },
                            "schema_version": "1"
                        },
                        "tainted": false
                    },
                    "deposed": [],
                    "provider": "provider.aws"
                },
                "aws_instance.nginx2": {
                    "type": "aws_instance",
                    "depends_on": [
                        "aws_security_group.nginx-sg",
                        "aws_subnet.subnet2"
                    ],
                    "primary": {
                        "id": "i-06c632036b48db64b",
                        "attributes": {
                            "ami": "ami-b2b55cd5",
                            "associate_public_ip_address": "true",
                            "availability_zone": "eu-west-2b",
                            "cpu_core_count": "1",
                            "cpu_threads_per_core": "1",
                            "credit_specification.#": "1",
                            "credit_specification.0.cpu_credits": "standard",
                            "disable_api_termination": "false",
                            "ebs_block_device.#": "0",
                            "ebs_optimized": "false",
                            "ephemeral_block_device.#": "0",
                            "get_password_data": "false",
                            "iam_instance_profile": "",
                            "id": "i-06c632036b48db64b",
                            "instance_state": "running",
                            "instance_type": "t2.micro",
                            "ipv6_addresses.#": "0",
                            "key_name": "QEC2DPC",
                            "monitoring": "false",
                            "network_interface.#": "0",
                            "network_interface_id": "eni-00f8d8370a57e083d",
                            "password_data": "",
                            "placement_group": "",
                            "primary_network_interface_id": "eni-00f8d8370a57e083d",
                            "private_dns": "ip-10-1-1-166.eu-west-2.compute.internal",
                            "private_ip": "10.1.1.166",
                            "public_dns": "ec2-18-130-231-159.eu-west-2.compute.amazonaws.com",
                            "public_ip": "18.130.231.159",
                            "root_block_device.#": "1",
                            "root_block_device.0.delete_on_termination": "true",
                            "root_block_device.0.iops": "100",
                            "root_block_device.0.volume_id": "vol-0244a650136ff6bf4",
                            "root_block_device.0.volume_size": "8",
                            "root_block_device.0.volume_type": "gp2",
                            "security_groups.#": "0",
                            "source_dest_check": "true",
                            "subnet_id": "subnet-0cf4fb6bbbe1ddefc",
                            "tags.%": "0",
                            "tenancy": "default",
                            "volume_tags.%": "0",
                            "vpc_security_group_ids.#": "1",
                            "vpc_security_group_ids.342541680": "sg-0620c54b555c806e5"
                        },
                        "meta": {
                            "e2bfb730-ecaa-11e6-8f88-34363bc7c4c0": {
                                "create": 600000000000,
                                "delete": 1200000000000,
                                "update": 600000000000
                            },
                            "schema_version": "1"
                        },
                        "tainted": false
                    },
                    "deposed": [],
                    "provider": "provider.aws"
                },
                "aws_internet_gateway.igw": {
                    "type": "aws_internet_gateway",
                    "depends_on": [
                        "aws_vpc.vpc"
                    ],
                    "primary": {
                        "id": "igw-023c0dce899ed3070",
                        "attributes": {
                            "id": "igw-023c0dce899ed3070",
                            "tags.%": "0",
                            "vpc_id": "vpc-0a32d4a50bcfe7e15"
                        },
                        "meta": {},
                        "tainted": false
                    },
                    "deposed": [],
                    "provider": "provider.aws"
                },
                "aws_route_table.rtb": {
                    "type": "aws_route_table",
                    "depends_on": [
                        "aws_internet_gateway.igw",
                        "aws_vpc.vpc"
                    ],
                    "primary": {
                        "id": "rtb-0dc869a061e9dde90",
                        "attributes": {
                            "id": "rtb-0dc869a061e9dde90",
                            "propagating_vgws.#": "0",
                            "route.#": "1",
                            "route.137601469.cidr_block": "0.0.0.0/0",
                            "route.137601469.egress_only_gateway_id": "",
                            "route.137601469.gateway_id": "igw-023c0dce899ed3070",
                            "route.137601469.instance_id": "",
                            "route.137601469.ipv6_cidr_block": "",
                            "route.137601469.nat_gateway_id": "",
                            "route.137601469.network_interface_id": "",
                            "route.137601469.vpc_peering_connection_id": "",
                            "tags.%": "0",
                            "vpc_id": "vpc-0a32d4a50bcfe7e15"
                        },
                        "meta": {},
                        "tainted": false
                    },
                    "deposed": [],
                    "provider": "provider.aws"
                },
                "aws_route_table_association.rta-subnet1": {
                    "type": "aws_route_table_association",
                    "depends_on": [
                        "aws_route_table.rtb",
                        "aws_subnet.subnet1"
                    ],
                    "primary": {
                        "id": "rtbassoc-0db8acc32cbcf3792",
                        "attributes": {
                            "id": "rtbassoc-0db8acc32cbcf3792",
                            "route_table_id": "rtb-0dc869a061e9dde90",
                            "subnet_id": "subnet-0ad113cc2d0de2509"
                        },
                        "meta": {},
                        "tainted": false
                    },
                    "deposed": [],
                    "provider": "provider.aws"
                },
                "aws_route_table_association.rta-subnet2": {
                    "type": "aws_route_table_association",
                    "depends_on": [
                        "aws_route_table.rtb",
                        "aws_subnet.subnet2"
                    ],
                    "primary": {
                        "id": "rtbassoc-0d34cf6e82df1c21f",
                        "attributes": {
                            "id": "rtbassoc-0d34cf6e82df1c21f",
                            "route_table_id": "rtb-0dc869a061e9dde90",
                            "subnet_id": "subnet-0cf4fb6bbbe1ddefc"
                        },
                        "meta": {},
                        "tainted": false
                    },
                    "deposed": [],
                    "provider": "provider.aws"
                },
                "aws_security_group.elb-sg": {
                    "type": "aws_security_group",
                    "depends_on": [
                        "aws_vpc.vpc"
                    ],
                    "primary": {
                        "id": "sg-0698f1247c5b3cc7d",
                        "attributes": {
                            "arn": "arn:aws:ec2:eu-west-2:903807105141:security-group/sg-0698f1247c5b3cc7d",
                            "description": "Managed by Terraform",
                            "egress.#": "1",
                            "egress.482069346.cidr_blocks.#": "1",
                            "egress.482069346.cidr_blocks.0": "0.0.0.0/0",
                            "egress.482069346.description": "",
                            "egress.482069346.from_port": "0",
                            "egress.482069346.ipv6_cidr_blocks.#": "0",
                            "egress.482069346.prefix_list_ids.#": "0",
                            "egress.482069346.protocol": "-1",
                            "egress.482069346.security_groups.#": "0",
                            "egress.482069346.self": "false",
                            "egress.482069346.to_port": "0",
                            "id": "sg-0698f1247c5b3cc7d",
                            "ingress.#": "1",
                            "ingress.2214680975.cidr_blocks.#": "1",
                            "ingress.2214680975.cidr_blocks.0": "0.0.0.0/0",
                            "ingress.2214680975.description": "",
                            "ingress.2214680975.from_port": "80",
                            "ingress.2214680975.ipv6_cidr_blocks.#": "0",
                            "ingress.2214680975.protocol": "tcp",
                            "ingress.2214680975.security_groups.#": "0",
                            "ingress.2214680975.self": "false",
                            "ingress.2214680975.to_port": "80",
                            "name": "nginx_elb_sg",
                            "owner_id": "903807105141",
                            "revoke_rules_on_delete": "false",
                            "tags.%": "0",
                            "vpc_id": "vpc-0a32d4a50bcfe7e15"
                        },
                        "meta": {
                            "e2bfb730-ecaa-11e6-8f88-34363bc7c4c0": {
                                "create": 600000000000,
                                "delete": 600000000000
                            },
                            "schema_version": "1"
                        },
                        "tainted": false
                    },
                    "deposed": [],
                    "provider": "provider.aws"
                },
                "aws_security_group.nginx-sg": {
                    "type": "aws_security_group",
                    "depends_on": [
                        "aws_vpc.vpc"
                    ],
                    "primary": {
                        "id": "sg-0620c54b555c806e5",
                        "attributes": {
                            "arn": "arn:aws:ec2:eu-west-2:903807105141:security-group/sg-0620c54b555c806e5",
                            "description": "Managed by Terraform",
                            "egress.#": "1",
                            "egress.482069346.cidr_blocks.#": "1",
                            "egress.482069346.cidr_blocks.0": "0.0.0.0/0",
                            "egress.482069346.description": "",
                            "egress.482069346.from_port": "0",
                            "egress.482069346.ipv6_cidr_blocks.#": "0",
                            "egress.482069346.prefix_list_ids.#": "0",
                            "egress.482069346.protocol": "-1",
                            "egress.482069346.security_groups.#": "0",
                            "egress.482069346.self": "false",
                            "egress.482069346.to_port": "0",
                            "id": "sg-0620c54b555c806e5",
                            "ingress.#": "2",
                            "ingress.2524386204.cidr_blocks.#": "1",
                            "ingress.2524386204.cidr_blocks.0": "10.1.0.0/16",
                            "ingress.2524386204.description": "",
                            "ingress.2524386204.from_port": "80",
                            "ingress.2524386204.ipv6_cidr_blocks.#": "0",
                            "ingress.2524386204.protocol": "tcp",
                            "ingress.2524386204.security_groups.#": "0",
                            "ingress.2524386204.self": "false",
                            "ingress.2524386204.to_port": "80",
                            "ingress.2541437006.cidr_blocks.#": "1",
                            "ingress.2541437006.cidr_blocks.0": "0.0.0.0/0",
                            "ingress.2541437006.description": "",
                            "ingress.2541437006.from_port": "22",
                            "ingress.2541437006.ipv6_cidr_blocks.#": "0",
                            "ingress.2541437006.protocol": "tcp",
                            "ingress.2541437006.security_groups.#": "0",
                            "ingress.2541437006.self": "false",
                            "ingress.2541437006.to_port": "22",
                            "name": "nginx_sg",
                            "owner_id": "903807105141",
                            "revoke_rules_on_delete": "false",
                            "tags.%": "0",
                            "vpc_id": "vpc-0a32d4a50bcfe7e15"
                        },
                        "meta": {
                            "e2bfb730-ecaa-11e6-8f88-34363bc7c4c0": {
                                "create": 600000000000,
                                "delete": 600000000000
                            },
                            "schema_version": "1"
                        },
                        "tainted": false
                    },
                    "deposed": [],
                    "provider": "provider.aws"
                },
                "aws_subnet.subnet1": {
                    "type": "aws_subnet",
                    "depends_on": [
                        "aws_vpc.vpc",
                        "data.aws_availability_zones.available"
                    ],
                    "primary": {
                        "id": "subnet-0ad113cc2d0de2509",
                        "attributes": {
                            "assign_ipv6_address_on_creation": "false",
                            "availability_zone": "eu-west-2a",
                            "cidr_block": "10.1.0.0/24",
                            "id": "subnet-0ad113cc2d0de2509",
                            "map_public_ip_on_launch": "true",
                            "tags.%": "0",
                            "vpc_id": "vpc-0a32d4a50bcfe7e15"
                        },
                        "meta": {
                            "schema_version": "1"
                        },
                        "tainted": false
                    },
                    "deposed": [],
                    "provider": "provider.aws"
                },
                "aws_subnet.subnet2": {
                    "type": "aws_subnet",
                    "depends_on": [
                        "aws_vpc.vpc",
                        "data.aws_availability_zones.available"
                    ],
                    "primary": {
                        "id": "subnet-0cf4fb6bbbe1ddefc",
                        "attributes": {
                            "assign_ipv6_address_on_creation": "false",
                            "availability_zone": "eu-west-2b",
                            "cidr_block": "10.1.1.0/24",
                            "id": "subnet-0cf4fb6bbbe1ddefc",
                            "map_public_ip_on_launch": "true",
                            "tags.%": "0",
                            "vpc_id": "vpc-0a32d4a50bcfe7e15"
                        },
                        "meta": {
                            "schema_version": "1"
                        },
                        "tainted": false
                    },
                    "deposed": [],
                    "provider": "provider.aws"
                },
                "aws_vpc.vpc": {
                    "type": "aws_vpc",
                    "depends_on": [],
                    "primary": {
                        "id": "vpc-0a32d4a50bcfe7e15",
                        "attributes": {
                            "arn": "arn:aws:ec2:eu-west-2:903807105141:vpc/vpc-0a32d4a50bcfe7e15",
                            "assign_generated_ipv6_cidr_block": "false",
                            "cidr_block": "10.1.0.0/16",
                            "default_network_acl_id": "acl-0ce8167a8f99acce8",
                            "default_route_table_id": "rtb-04a8e25d1c133e102",
                            "default_security_group_id": "sg-0b7f8e0aa4485629d",
                            "dhcp_options_id": "dopt-deae1bb6",
                            "enable_dns_hostnames": "true",
                            "enable_dns_support": "true",
                            "id": "vpc-0a32d4a50bcfe7e15",
                            "instance_tenancy": "default",
                            "main_route_table_id": "rtb-04a8e25d1c133e102",
                            "tags.%": "0"
                        },
                        "meta": {
                            "schema_version": "1"
                        },
                        "tainted": false
                    },
                    "deposed": [],
                    "provider": "provider.aws"
                },
                "data.aws_availability_zones.available": {
                    "type": "aws_availability_zones",
                    "depends_on": [],
                    "primary": {
                        "id": "2018-07-30 12:24:06.1376091 +0000 UTC",
                        "attributes": {
                            "id": "2018-07-30 12:24:06.1376091 +0000 UTC",
                            "names.#": "3",
                            "names.0": "eu-west-2a",
                            "names.1": "eu-west-2b",
                            "names.2": "eu-west-2c"
                        },
                        "meta": {},
                        "tainted": false
                    },
                    "deposed": [],
                    "provider": "provider.aws"
                }
            },
            "depends_on": []
        }
    ]
}
