{
    "version": 3,
    "terraform_version": "0.11.7",
    "serial": 7,
    "lineage": "870d6b10-3e56-648b-321a-f8a65e4acb5d",
    "modules": [
        {
            "path": [
                "root"
            ],
            "outputs": {
                "aws_instance_public_dns": {
                    "sensitive": false,
                    "type": "string",
                    "value": "ec2-35-178-182-98.eu-west-2.compute.amazonaws.com"
                }
            },
            "resources": {
                "aws_instance.nginx": {
                    "type": "aws_instance",
                    "depends_on": [],
                    "primary": {
                        "id": "i-04467f584515ceb90",
                        "attributes": {
                            "ami": "ami-b2b55cd5",
                            "associate_public_ip_address": "true",
                            "availability_zone": "eu-west-2c",
                            "cpu_core_count": "1",
                            "cpu_threads_per_core": "1",
                            "credit_specification.#": "1",
                            "credit_specification.0.cpu_credits": "standard",
                            "disable_api_termination": "false",
                            "ebs_block_device.#": "0",
                            "ebs_optimized": "false",
                            "ephemeral_block_device.#": "0",
                            "get_password_data": "false",
                            "iam_instance_profile": "",
                            "id": "i-04467f584515ceb90",
                            "instance_state": "running",
                            "instance_type": "t2.micro",
                            "ipv6_addresses.#": "0",
                            "key_name": "QEC2DPC",
                            "monitoring": "false",
                            "network_interface.#": "0",
                            "network_interface_id": "eni-034533273a6952cf9",
                            "password_data": "",
                            "placement_group": "",
                            "primary_network_interface_id": "eni-034533273a6952cf9",
                            "private_dns": "ip-172-31-5-99.eu-west-2.compute.internal",
                            "private_ip": "172.31.5.99",
                            "public_dns": "ec2-35-178-182-98.eu-west-2.compute.amazonaws.com",
                            "public_ip": "35.178.182.98",
                            "root_block_device.#": "1",
                            "root_block_device.0.delete_on_termination": "true",
                            "root_block_device.0.iops": "100",
                            "root_block_device.0.volume_id": "vol-059b53e26a02b23f5",
                            "root_block_device.0.volume_size": "8",
                            "root_block_device.0.volume_type": "gp2",
                            "security_groups.#": "1",
                            "security_groups.3814588639": "default",
                            "source_dest_check": "true",
                            "subnet_id": "subnet-8a58e7e3",
                            "tags.%": "0",
                            "tenancy": "default",
                            "volume_tags.%": "0",
                            "vpc_security_group_ids.#": "1",
                            "vpc_security_group_ids.1059000699": "sg-3198445a"
                        },
                        "meta": {
                            "e2bfb730-ecaa-11e6-8f88-34363bc7c4c0": {
                                "create": 600000000000,
                                "delete": 1200000000000,
                                "update": 600000000000
                            },
                            "schema_version": "1"
                        },
                        "tainted": false
                    },
                    "deposed": [],
                    "provider": "provider.aws"
                },
                "data.aws_security_group.selected": {
                    "type": "aws_security_group",
                    "depends_on": [],
                    "primary": {
                        "id": "sg-0af58e003d739d391",
                        "attributes": {
                            "arn": "arn:aws:ec2:eu-west-2:903807105141:security-group/sg-0af58e003d739d391",
                            "description": "QWebDMZ",
                            "id": "sg-0af58e003d739d391",
                            "name": "QWebDMZ",
                            "tags.%": "1",
                            "tags.Name": "QSG",
                            "vpc_id": "vpc-d32cf2bb"
                        },
                        "meta": {},
                        "tainted": false
                    },
                    "deposed": [],
                    "provider": "provider.aws"
                }
            },
            "depends_on": []
        }
    ]
}
